// !$*UTF8*$!
{
	archiveVersion = 1;
	classes = {
	};
	objectVersion = 48;
	objects = {

/* Begin PBXBuildFile section */
		313983B4203C1EF4006DD607 /* ViewController2.swift in Sources */ = {isa = PBXBuildFile; fileRef = 313983B3203C1EF4006DD607 /* ViewController2.swift */; };
		313983B6203C1FD4006DD607 /* Week.swift in Sources */ = {isa = PBXBuildFile; fileRef = 313983B5203C1FD3006DD607 /* Week.swift */; };
		313983BE203C2002006DD607 /* WeeksNumbers.plist in Resources */ = {isa = PBXBuildFile; fileRef = 313983BD203C2002006DD607 /* WeeksNumbers.plist */; };
		315DED23202A5B7A00FFE01E /* AppDelegate.swift in Sources */ = {isa = PBXBuildFile; fileRef = 315DED22202A5B7A00FFE01E /* AppDelegate.swift */; };
		315DED25202A5B7A00FFE01E /* ViewController.swift in Sources */ = {isa = PBXBuildFile; fileRef = 315DED24202A5B7A00FFE01E /* ViewController.swift */; };
		315DED28202A5B7A00FFE01E /* Main.storyboard in Resources */ = {isa = PBXBuildFile; fileRef = 315DED26202A5B7A00FFE01E /* Main.storyboard */; };
		315DED2B202A5B7A00FFE01E /* Alwalood.xcdatamodeld in Sources */ = {isa = PBXBuildFile; fileRef = 315DED29202A5B7A00FFE01E /* Alwalood.xcdatamodeld */; };
		315DED2D202A5B7A00FFE01E /* Assets.xcassets in Resources */ = {isa = PBXBuildFile; fileRef = 315DED2C202A5B7A00FFE01E /* Assets.xcassets */; };
		315DED30202A5B7A00FFE01E /* LaunchScreen.storyboard in Resources */ = {isa = PBXBuildFile; fileRef = 315DED2E202A5B7A00FFE01E /* LaunchScreen.storyboard */; };
		315DED3B202A5B7A00FFE01E /* AlwaloodTests.swift in Sources */ = {isa = PBXBuildFile; fileRef = 315DED3A202A5B7A00FFE01E /* AlwaloodTests.swift */; };
		315DED46202A5B7A00FFE01E /* AlwaloodUITests.swift in Sources */ = {isa = PBXBuildFile; fileRef = 315DED45202A5B7A00FFE01E /* AlwaloodUITests.swift */; };
		31BFE9D4204B1B88008C34BD /* SViewController.swift in Resources */ = {isa = PBXBuildFile; fileRef = 7AC49B6520432BAB00B0DF02 /* SViewController.swift */; };
		31BFE9D5204B1BB1008C34BD /* ViewController2.swift in Resources */ = {isa = PBXBuildFile; fileRef = 313983B3203C1EF4006DD607 /* ViewController2.swift */; };
		31BFE9D6204B1BDB008C34BD /* Week.swift in Resources */ = {isa = PBXBuildFile; fileRef = 313983B5203C1FD3006DD607 /* Week.swift */; };
		31C5D2652032C96300FE56E6 /* GoogleService-Info.plist in Resources */ = {isa = PBXBuildFile; fileRef = 31C5D2642032C96300FE56E6 /* GoogleService-Info.plist */; };
		31E2858220743509004DEFB6 /* ProfileVC.swift in Sources */ = {isa = PBXBuildFile; fileRef = 31E2858120743508004DEFB6 /* ProfileVC.swift */; };
		31E2AFA62056952D00E6C036 /* mainPage.swift in Sources */ = {isa = PBXBuildFile; fileRef = 31E2AFA52056952D00E6C036 /* mainPage.swift */; };
		31F46BEA2032B4B100B55339 /* ViewController.swift in Resources */ = {isa = PBXBuildFile; fileRef = 315DED24202A5B7A00FFE01E /* ViewController.swift */; };
		7A11EC1420715FCC00A0E3ED /* ViewControllerG.swift in Sources */ = {isa = PBXBuildFile; fileRef = 7A11EC1320715FCB00A0E3ED /* ViewControllerG.swift */; };
		7A11EC162071603500A0E3ED /* DViewControllerG.swift in Sources */ = {isa = PBXBuildFile; fileRef = 7A11EC152071603500A0E3ED /* DViewControllerG.swift */; };
		7A11EC182071605E00A0E3ED /* MainCollectionViewCellG.swift in Sources */ = {isa = PBXBuildFile; fileRef = 7A11EC172071605D00A0E3ED /* MainCollectionViewCellG.swift */; };
		7A11EC202071668100A0E3ED /* ViewControllerN.swift in Sources */ = {isa = PBXBuildFile; fileRef = 7A11EC1F2071667F00A0E3ED /* ViewControllerN.swift */; };
		7AC49B6620432BAB00B0DF02 /* SViewController.swift in Sources */ = {isa = PBXBuildFile; fileRef = 7AC49B6520432BAB00B0DF02 /* SViewController.swift */; };
		7AC6CCA5207375B400785A15 /* firstViewControllerN.swift in Sources */ = {isa = PBXBuildFile; fileRef = 7AC6CCA4207375B300785A15 /* firstViewControllerN.swift */; };
		7AC6CCA72073765B00785A15 /* detailsViewControllerG.swift in Sources */ = {isa = PBXBuildFile; fileRef = 7AC6CCA62073765A00785A15 /* detailsViewControllerG.swift */; };
		7AC6CCAB2073F92E00785A15 /* DViewController.swift in Resources */ = {isa = PBXBuildFile; fileRef = 7ADE0DBC207033230080FC69 /* DViewController.swift */; };
		7AC6CCAC2073F95100785A15 /* MainCollectionViewCellTwo.swift in Resources */ = {isa = PBXBuildFile; fileRef = 7ADE0DC0207033E20080FC69 /* MainCollectionViewCellTwo.swift */; };
		7AC6CCAD2073F96100785A15 /* DViewControllerTwo.swift in Resources */ = {isa = PBXBuildFile; fileRef = 7ADE0DC2207033EB0080FC69 /* DViewControllerTwo.swift */; };
		7AC6CCAE2073F96E00785A15 /* ViewControllerTwo.swift in Resources */ = {isa = PBXBuildFile; fileRef = 7ADE0DBE207033AB0080FC69 /* ViewControllerTwo.swift */; };
		7AC6CCAF2073F97300785A15 /* MainCollectionViewCell.swift in Resources */ = {isa = PBXBuildFile; fileRef = 7ADE0DBA207032F70080FC69 /* MainCollectionViewCell.swift */; };
		7AC6CCB02073F97900785A15 /* firstViewControllerN.swift in Resources */ = {isa = PBXBuildFile; fileRef = 7AC6CCA4207375B300785A15 /* firstViewControllerN.swift */; };
		7AC6CCB12073F9A000785A15 /* detailsViewControllerG.swift in Resources */ = {isa = PBXBuildFile; fileRef = 7AC6CCA62073765A00785A15 /* detailsViewControllerG.swift */; };
		7AC6CCB22073F9A400785A15 /* DViewControllerG.swift in Resources */ = {isa = PBXBuildFile; fileRef = 7A11EC152071603500A0E3ED /* DViewControllerG.swift */; };
		7AC6CCB32073F9AB00785A15 /* ViewControllerG.swift in Resources */ = {isa = PBXBuildFile; fileRef = 7A11EC1320715FCB00A0E3ED /* ViewControllerG.swift */; };
		7AC6CCB42073F9B100785A15 /* ViewControllerN.swift in Resources */ = {isa = PBXBuildFile; fileRef = 7A11EC1F2071667F00A0E3ED /* ViewControllerN.swift */; };
		7AC6CCB52073F9B800785A15 /* MainCollectionViewCellG.swift in Resources */ = {isa = PBXBuildFile; fileRef = 7A11EC172071605D00A0E3ED /* MainCollectionViewCellG.swift */; };
		7AC6CCB62073F9F900785A15 /* WeeksNumbers.plist in Sources */ = {isa = PBXBuildFile; fileRef = 313983BD203C2002006DD607 /* WeeksNumbers.plist */; };
		7AC6CCB82073FA8800785A15 /* resetPassword.swift in Sources */ = {isa = PBXBuildFile; fileRef = 7AC6CCB72073FA8800785A15 /* resetPassword.swift */; };
		7ADE0DBB207032F80080FC69 /* MainCollectionViewCell.swift in Sources */ = {isa = PBXBuildFile; fileRef = 7ADE0DBA207032F70080FC69 /* MainCollectionViewCell.swift */; };
		7ADE0DBD207033230080FC69 /* DViewController.swift in Sources */ = {isa = PBXBuildFile; fileRef = 7ADE0DBC207033230080FC69 /* DViewController.swift */; };
		7ADE0DBF207033AB0080FC69 /* ViewControllerTwo.swift in Sources */ = {isa = PBXBuildFile; fileRef = 7ADE0DBE207033AB0080FC69 /* ViewControllerTwo.swift */; };
		7ADE0DC1207033E30080FC69 /* MainCollectionViewCellTwo.swift in Sources */ = {isa = PBXBuildFile; fileRef = 7ADE0DC0207033E20080FC69 /* MainCollectionViewCellTwo.swift */; };
		7ADE0DC3207033EB0080FC69 /* DViewControllerTwo.swift in Sources */ = {isa = PBXBuildFile; fileRef = 7ADE0DC2207033EB0080FC69 /* DViewControllerTwo.swift */; };
		B4606B0F23AC95560450C2F3 /* Pods_Alwalood.framework in Frameworks */ = {isa = PBXBuildFile; fileRef = 6C5BE33F8E67EE56538A5952 /* Pods_Alwalood.framework */; };
/* End PBXBuildFile section */

/* Begin PBXContainerItemProxy section */
		315DED37202A5B7A00FFE01E /* PBXContainerItemProxy */ = {
			isa = PBXContainerItemProxy;
			containerPortal = 315DED17202A5B7A00FFE01E /* Project object */;
			proxyType = 1;
			remoteGlobalIDString = 315DED1E202A5B7A00FFE01E;
			remoteInfo = Alwalood;
		};
		315DED42202A5B7A00FFE01E /* PBXContainerItemProxy */ = {
			isa = PBXContainerItemProxy;
			containerPortal = 315DED17202A5B7A00FFE01E /* Project object */;
			proxyType = 1;
			remoteGlobalIDString = 315DED1E202A5B7A00FFE01E;
			remoteInfo = Alwalood;
		};
/* End PBXContainerItemProxy section */

/* Begin PBXFileReference section */
		2105E24AF3120345B2FBE028 /* Pods-Alwalood.release.xcconfig */ = {isa = PBXFileReference; includeInIndex = 1; lastKnownFileType = text.xcconfig; name = "Pods-Alwalood.release.xcconfig"; path = "Pods/Target Support Files/Pods-Alwalood/Pods-Alwalood.release.xcconfig"; sourceTree = "<group>"; };
		313983B3203C1EF4006DD607 /* ViewController2.swift */ = {isa = PBXFileReference; lastKnownFileType = sourcecode.swift; path = ViewController2.swift; sourceTree = "<group>"; };
		313983B5203C1FD3006DD607 /* Week.swift */ = {isa = PBXFileReference; fileEncoding = 4; lastKnownFileType = sourcecode.swift; path = Week.swift; sourceTree = "<group>"; };
		313983BD203C2002006DD607 /* WeeksNumbers.plist */ = {isa = PBXFileReference; fileEncoding = 4; lastKnownFileType = text.plist.xml; path = WeeksNumbers.plist; sourceTree = "<group>"; };
		315DED1F202A5B7A00FFE01E /* Alwalood.app */ = {isa = PBXFileReference; explicitFileType = wrapper.application; includeInIndex = 0; path = Alwalood.app; sourceTree = BUILT_PRODUCTS_DIR; };
		315DED22202A5B7A00FFE01E /* AppDelegate.swift */ = {isa = PBXFileReference; lastKnownFileType = sourcecode.swift; path = AppDelegate.swift; sourceTree = "<group>"; };
		315DED24202A5B7A00FFE01E /* ViewController.swift */ = {isa = PBXFileReference; lastKnownFileType = sourcecode.swift; path = ViewController.swift; sourceTree = "<group>"; };
		315DED27202A5B7A00FFE01E /* Base */ = {isa = PBXFileReference; lastKnownFileType = file.storyboard; name = Base; path = Base.lproj/Main.storyboard; sourceTree = "<group>"; };
		315DED2A202A5B7A00FFE01E /* Alwalood.xcdatamodel */ = {isa = PBXFileReference; lastKnownFileType = wrapper.xcdatamodel; path = Alwalood.xcdatamodel; sourceTree = "<group>"; };
		315DED2C202A5B7A00FFE01E /* Assets.xcassets */ = {isa = PBXFileReference; lastKnownFileType = folder.assetcatalog; path = Assets.xcassets; sourceTree = "<group>"; };
		315DED2F202A5B7A00FFE01E /* Base */ = {isa = PBXFileReference; lastKnownFileType = file.storyboard; name = Base; path = Base.lproj/LaunchScreen.storyboard; sourceTree = "<group>"; };
		315DED31202A5B7A00FFE01E /* Info.plist */ = {isa = PBXFileReference; lastKnownFileType = text.plist.xml; path = Info.plist; sourceTree = "<group>"; };
		315DED36202A5B7A00FFE01E /* AlwaloodTests.xctest */ = {isa = PBXFileReference; explicitFileType = wrapper.cfbundle; includeInIndex = 0; path = AlwaloodTests.xctest; sourceTree = BUILT_PRODUCTS_DIR; };
		315DED3A202A5B7A00FFE01E /* AlwaloodTests.swift */ = {isa = PBXFileReference; lastKnownFileType = sourcecode.swift; path = AlwaloodTests.swift; sourceTree = "<group>"; };
		315DED3C202A5B7A00FFE01E /* Info.plist */ = {isa = PBXFileReference; lastKnownFileType = text.plist.xml; path = Info.plist; sourceTree = "<group>"; };
		315DED41202A5B7A00FFE01E /* AlwaloodUITests.xctest */ = {isa = PBXFileReference; explicitFileType = wrapper.cfbundle; includeInIndex = 0; path = AlwaloodUITests.xctest; sourceTree = BUILT_PRODUCTS_DIR; };
		315DED45202A5B7A00FFE01E /* AlwaloodUITests.swift */ = {isa = PBXFileReference; lastKnownFileType = sourcecode.swift; path = AlwaloodUITests.swift; sourceTree = "<group>"; };
		315DED47202A5B7A00FFE01E /* Info.plist */ = {isa = PBXFileReference; lastKnownFileType = text.plist.xml; path = Info.plist; sourceTree = "<group>"; };
		315DED55202BA7CF00FFE01E /* Alwalood-Bridging-Header.h */ = {isa = PBXFileReference; lastKnownFileType = sourcecode.c.h; path = "Alwalood-Bridging-Header.h"; sourceTree = "<group>"; };
		31C5D2642032C96300FE56E6 /* GoogleService-Info.plist */ = {isa = PBXFileReference; fileEncoding = 4; lastKnownFileType = text.plist.xml; path = "GoogleService-Info.plist"; sourceTree = "<group>"; };
		31E2858120743508004DEFB6 /* ProfileVC.swift */ = {isa = PBXFileReference; lastKnownFileType = sourcecode.swift; path = ProfileVC.swift; sourceTree = "<group>"; };
		31E2AFA52056952D00E6C036 /* mainPage.swift */ = {isa = PBXFileReference; fileEncoding = 4; lastKnownFileType = sourcecode.swift; path = mainPage.swift; sourceTree = "<group>"; };
		55DF2E4DD77CF1B1F2281AB5 /* Pods_AlwaloodUITests.framework */ = {isa = PBXFileReference; explicitFileType = wrapper.framework; includeInIndex = 0; path = Pods_AlwaloodUITests.framework; sourceTree = BUILT_PRODUCTS_DIR; };
		6C5BE33F8E67EE56538A5952 /* Pods_Alwalood.framework */ = {isa = PBXFileReference; explicitFileType = wrapper.framework; includeInIndex = 0; path = Pods_Alwalood.framework; sourceTree = BUILT_PRODUCTS_DIR; };
		7A11EC1320715FCB00A0E3ED /* ViewControllerG.swift */ = {isa = PBXFileReference; fileEncoding = 4; lastKnownFileType = sourcecode.swift; path = ViewControllerG.swift; sourceTree = "<group>"; };
		7A11EC152071603500A0E3ED /* DViewControllerG.swift */ = {isa = PBXFileReference; fileEncoding = 4; lastKnownFileType = sourcecode.swift; path = DViewControllerG.swift; sourceTree = "<group>"; };
		7A11EC172071605D00A0E3ED /* MainCollectionViewCellG.swift */ = {isa = PBXFileReference; fileEncoding = 4; lastKnownFileType = sourcecode.swift; path = MainCollectionViewCellG.swift; sourceTree = "<group>"; };
		7A11EC1F2071667F00A0E3ED /* ViewControllerN.swift */ = {isa = PBXFileReference; fileEncoding = 4; lastKnownFileType = sourcecode.swift; path = ViewControllerN.swift; sourceTree = "<group>"; };
		7AC49B6520432BAB00B0DF02 /* SViewController.swift */ = {isa = PBXFileReference; lastKnownFileType = sourcecode.swift; path = SViewController.swift; sourceTree = "<group>"; };
		7AC6CCA4207375B300785A15 /* firstViewControllerN.swift */ = {isa = PBXFileReference; fileEncoding = 4; lastKnownFileType = sourcecode.swift; path = firstViewControllerN.swift; sourceTree = "<group>"; };
		7AC6CCA62073765A00785A15 /* detailsViewControllerG.swift */ = {isa = PBXFileReference; fileEncoding = 4; lastKnownFileType = sourcecode.swift; path = detailsViewControllerG.swift; sourceTree = "<group>"; };
		7AC6CCB72073FA8800785A15 /* resetPassword.swift */ = {isa = PBXFileReference; lastKnownFileType = sourcecode.swift; path = resetPassword.swift; sourceTree = "<group>"; };
		7ADE0DBA207032F70080FC69 /* MainCollectionViewCell.swift */ = {isa = PBXFileReference; fileEncoding = 4; lastKnownFileType = sourcecode.swift; path = MainCollectionViewCell.swift; sourceTree = "<group>"; };
		7ADE0DBC207033230080FC69 /* DViewController.swift */ = {isa = PBXFileReference; fileEncoding = 4; lastKnownFileType = sourcecode.swift; path = DViewController.swift; sourceTree = "<group>"; };
		7ADE0DBE207033AB0080FC69 /* ViewControllerTwo.swift */ = {isa = PBXFileReference; fileEncoding = 4; lastKnownFileType = sourcecode.swift; path = ViewControllerTwo.swift; sourceTree = "<group>"; };
		7ADE0DC0207033E20080FC69 /* MainCollectionViewCellTwo.swift */ = {isa = PBXFileReference; fileEncoding = 4; lastKnownFileType = sourcecode.swift; path = MainCollectionViewCellTwo.swift; sourceTree = "<group>"; };
		7ADE0DC2207033EB0080FC69 /* DViewControllerTwo.swift */ = {isa = PBXFileReference; fileEncoding = 4; lastKnownFileType = sourcecode.swift; path = DViewControllerTwo.swift; sourceTree = "<group>"; };
		881723ACB30836E313A0AFCF /* Pods_AlwaloodTests.framework */ = {isa = PBXFileReference; explicitFileType = wrapper.framework; includeInIndex = 0; path = Pods_AlwaloodTests.framework; sourceTree = BUILT_PRODUCTS_DIR; };
		CFB465E618BE3D67FBDF185F /* Pods-Alwalood.debug.xcconfig */ = {isa = PBXFileReference; includeInIndex = 1; lastKnownFileType = text.xcconfig; name = "Pods-Alwalood.debug.xcconfig"; path = "Pods/Target Support Files/Pods-Alwalood/Pods-Alwalood.debug.xcconfig"; sourceTree = "<group>"; };
/* End PBXFileReference section */

/* Begin PBXFrameworksBuildPhase section */
		315DED1C202A5B7A00FFE01E /* Frameworks */ = {
			isa = PBXFrameworksBuildPhase;
			buildActionMask = 2147483647;
			files = (
				B4606B0F23AC95560450C2F3 /* Pods_Alwalood.framework in Frameworks */,
			);
			runOnlyForDeploymentPostprocessing = 0;
		};
		315DED33202A5B7A00FFE01E /* Frameworks */ = {
			isa = PBXFrameworksBuildPhase;
			buildActionMask = 2147483647;
			files = (
			);
			runOnlyForDeploymentPostprocessing = 0;
		};
		315DED3E202A5B7A00FFE01E /* Frameworks */ = {
			isa = PBXFrameworksBuildPhase;
			buildActionMask = 2147483647;
			files = (
			);
			runOnlyForDeploymentPostprocessing = 0;
		};
/* End PBXFrameworksBuildPhase section */

/* Begin PBXGroup section */
		315DED16202A5B7A00FFE01E = {
			isa = PBXGroup;
			children = (
				315DED21202A5B7A00FFE01E /* Alwalood */,
				315DED39202A5B7A00FFE01E /* AlwaloodTests */,
				315DED44202A5B7A00FFE01E /* AlwaloodUITests */,
				315DED20202A5B7A00FFE01E /* Products */,
				B9D5C961AFFB41828170996A /* Pods */,
				658BF449753C23DF7729D94A /* Frameworks */,
			);
			sourceTree = "<group>";
		};
		315DED20202A5B7A00FFE01E /* Products */ = {
			isa = PBXGroup;
			children = (
				315DED1F202A5B7A00FFE01E /* Alwalood.app */,
				315DED36202A5B7A00FFE01E /* AlwaloodTests.xctest */,
				315DED41202A5B7A00FFE01E /* AlwaloodUITests.xctest */,
			);
			name = Products;
			sourceTree = "<group>";
		};
		315DED21202A5B7A00FFE01E /* Alwalood */ = {
			isa = PBXGroup;
			children = (
				31E2AFA52056952D00E6C036 /* mainPage.swift */,
				315DED22202A5B7A00FFE01E /* AppDelegate.swift */,
				7ADE0DBC207033230080FC69 /* DViewController.swift */,
				7ADE0DC0207033E20080FC69 /* MainCollectionViewCellTwo.swift */,
				7ADE0DC2207033EB0080FC69 /* DViewControllerTwo.swift */,
				315DED24202A5B7A00FFE01E /* ViewController.swift */,
				7ADE0DBE207033AB0080FC69 /* ViewControllerTwo.swift */,
				7ADE0DBA207032F70080FC69 /* MainCollectionViewCell.swift */,
				7AC6CCB72073FA8800785A15 /* resetPassword.swift */,
				7AC49B6520432BAB00B0DF02 /* SViewController.swift */,
				313983B3203C1EF4006DD607 /* ViewController2.swift */,
				313983B5203C1FD3006DD607 /* Week.swift */,
				315DED26202A5B7A00FFE01E /* Main.storyboard */,
				315DED2C202A5B7A00FFE01E /* Assets.xcassets */,
				315DED2E202A5B7A00FFE01E /* LaunchScreen.storyboard */,
				315DED31202A5B7A00FFE01E /* Info.plist */,
				313983BD203C2002006DD607 /* WeeksNumbers.plist */,
				31C5D2642032C96300FE56E6 /* GoogleService-Info.plist */,
				315DED29202A5B7A00FFE01E /* Alwalood.xcdatamodeld */,
				315DED55202BA7CF00FFE01E /* Alwalood-Bridging-Header.h */,
				7AC6CCA4207375B300785A15 /* firstViewControllerN.swift */,
				7AC6CCA62073765A00785A15 /* detailsViewControllerG.swift */,
				7A11EC152071603500A0E3ED /* DViewControllerG.swift */,
				7A11EC1320715FCB00A0E3ED /* ViewControllerG.swift */,
				7A11EC1F2071667F00A0E3ED /* ViewControllerN.swift */,
				31E2858120743508004DEFB6 /* ProfileVC.swift */,
				7A11EC172071605D00A0E3ED /* MainCollectionViewCellG.swift */,
			);
			path = Alwalood;
			sourceTree = "<group>";
		};
		315DED39202A5B7A00FFE01E /* AlwaloodTests */ = {
			isa = PBXGroup;
			children = (
				315DED3A202A5B7A00FFE01E /* AlwaloodTests.swift */,
				315DED3C202A5B7A00FFE01E /* Info.plist */,
			);
			path = AlwaloodTests;
			sourceTree = "<group>";
		};
		315DED44202A5B7A00FFE01E /* AlwaloodUITests */ = {
			isa = PBXGroup;
			children = (
				315DED45202A5B7A00FFE01E /* AlwaloodUITests.swift */,
				315DED47202A5B7A00FFE01E /* Info.plist */,
			);
			path = AlwaloodUITests;
			sourceTree = "<group>";
		};
		658BF449753C23DF7729D94A /* Frameworks */ = {
			isa = PBXGroup;
			children = (
				6C5BE33F8E67EE56538A5952 /* Pods_Alwalood.framework */,
				881723ACB30836E313A0AFCF /* Pods_AlwaloodTests.framework */,
				55DF2E4DD77CF1B1F2281AB5 /* Pods_AlwaloodUITests.framework */,
			);
			name = Frameworks;
			sourceTree = "<group>";
		};
		B9D5C961AFFB41828170996A /* Pods */ = {
			isa = PBXGroup;
			children = (
				CFB465E618BE3D67FBDF185F /* Pods-Alwalood.debug.xcconfig */,
				2105E24AF3120345B2FBE028 /* Pods-Alwalood.release.xcconfig */,
			);
			name = Pods;
			sourceTree = "<group>";
		};
/* End PBXGroup section */

/* Begin PBXNativeTarget section */
		315DED1E202A5B7A00FFE01E /* Alwalood */ = {
			isa = PBXNativeTarget;
			buildConfigurationList = 315DED4A202A5B7A00FFE01E /* Build configuration list for PBXNativeTarget "Alwalood" */;
			buildPhases = (
				C8E6EC3BEB009CAFB9285945 /* [CP] Check Pods Manifest.lock */,
				315DED1B202A5B7A00FFE01E /* Sources */,
				315DED1C202A5B7A00FFE01E /* Frameworks */,
				315DED1D202A5B7A00FFE01E /* Resources */,
				0ABE912EB8BF19785925F800 /* [CP] Embed Pods Frameworks */,
				67E1B7910B1641ECF6AF4F30 /* [CP] Copy Pods Resources */,
			);
			buildRules = (
			);
			dependencies = (
			);
			name = Alwalood;
			productName = Alwalood;
			productReference = 315DED1F202A5B7A00FFE01E /* Alwalood.app */;
			productType = "com.apple.product-type.application";
		};
		315DED35202A5B7A00FFE01E /* AlwaloodTests */ = {
			isa = PBXNativeTarget;
			buildConfigurationList = 315DED4D202A5B7A00FFE01E /* Build configuration list for PBXNativeTarget "AlwaloodTests" */;
			buildPhases = (
				315DED32202A5B7A00FFE01E /* Sources */,
				315DED33202A5B7A00FFE01E /* Frameworks */,
				315DED34202A5B7A00FFE01E /* Resources */,
			);
			buildRules = (
			);
			dependencies = (
				315DED38202A5B7A00FFE01E /* PBXTargetDependency */,
			);
			name = AlwaloodTests;
			productName = AlwaloodTests;
			productReference = 315DED36202A5B7A00FFE01E /* AlwaloodTests.xctest */;
			productType = "com.apple.product-type.bundle.unit-test";
		};
		315DED40202A5B7A00FFE01E /* AlwaloodUITests */ = {
			isa = PBXNativeTarget;
			buildConfigurationList = 315DED50202A5B7A00FFE01E /* Build configuration list for PBXNativeTarget "AlwaloodUITests" */;
			buildPhases = (
				315DED3D202A5B7A00FFE01E /* Sources */,
				315DED3E202A5B7A00FFE01E /* Frameworks */,
				315DED3F202A5B7A00FFE01E /* Resources */,
			);
			buildRules = (
			);
			dependencies = (
				315DED43202A5B7A00FFE01E /* PBXTargetDependency */,
			);
			name = AlwaloodUITests;
			productName = AlwaloodUITests;
			productReference = 315DED41202A5B7A00FFE01E /* AlwaloodUITests.xctest */;
			productType = "com.apple.product-type.bundle.ui-testing";
		};
/* End PBXNativeTarget section */

/* Begin PBXProject section */
		315DED17202A5B7A00FFE01E /* Project object */ = {
			isa = PBXProject;
			attributes = {
				LastSwiftUpdateCheck = 0920;
				LastUpgradeCheck = 0920;
				ORGANIZATIONNAME = "Mashael Gm";
				TargetAttributes = {
					315DED1E202A5B7A00FFE01E = {
						CreatedOnToolsVersion = 9.2;
						LastSwiftMigration = 0920;
						ProvisioningStyle = Automatic;
					};
					315DED35202A5B7A00FFE01E = {
						CreatedOnToolsVersion = 9.2;
						ProvisioningStyle = Automatic;
						TestTargetID = 315DED1E202A5B7A00FFE01E;
					};
					315DED40202A5B7A00FFE01E = {
						CreatedOnToolsVersion = 9.2;
						ProvisioningStyle = Automatic;
						TestTargetID = 315DED1E202A5B7A00FFE01E;
					};
				};
			};
			buildConfigurationList = 315DED1A202A5B7A00FFE01E /* Build configuration list for PBXProject "Alwalood" */;
			compatibilityVersion = "Xcode 8.0";
			developmentRegion = en;
			hasScannedForEncodings = 0;
			knownRegions = (
				en,
				Base,
			);
			mainGroup = 315DED16202A5B7A00FFE01E;
			productRefGroup = 315DED20202A5B7A00FFE01E /* Products */;
			projectDirPath = "";
			projectRoot = "";
			targets = (
				315DED1E202A5B7A00FFE01E /* Alwalood */,
				315DED35202A5B7A00FFE01E /* AlwaloodTests */,
				315DED40202A5B7A00FFE01E /* AlwaloodUITests */,
			);
		};
/* End PBXProject section */

/* Begin PBXResourcesBuildPhase section */
		315DED1D202A5B7A00FFE01E /* Resources */ = {
			isa = PBXResourcesBuildPhase;
			buildActionMask = 2147483647;
			files = (
				7AC6CCB52073F9B800785A15 /* MainCollectionViewCellG.swift in Resources */,
				7AC6CCB42073F9B100785A15 /* ViewControllerN.swift in Resources */,
				7AC6CCB32073F9AB00785A15 /* ViewControllerG.swift in Resources */,
				7AC6CCB22073F9A400785A15 /* DViewControllerG.swift in Resources */,
				7AC6CCB12073F9A000785A15 /* detailsViewControllerG.swift in Resources */,
				7AC6CCB02073F97900785A15 /* firstViewControllerN.swift in Resources */,
				7AC6CCAF2073F97300785A15 /* MainCollectionViewCell.swift in Resources */,
				7AC6CCAE2073F96E00785A15 /* ViewControllerTwo.swift in Resources */,
				7AC6CCAD2073F96100785A15 /* DViewControllerTwo.swift in Resources */,
				7AC6CCAC2073F95100785A15 /* MainCollectionViewCellTwo.swift in Resources */,
				7AC6CCAB2073F92E00785A15 /* DViewController.swift in Resources */,
				315DED2D202A5B7A00FFE01E /* Assets.xcassets in Resources */,
				31BFE9D6204B1BDB008C34BD /* Week.swift in Resources */,
				31BFE9D5204B1BB1008C34BD /* ViewController2.swift in Resources */,
				31BFE9D4204B1B88008C34BD /* SViewController.swift in Resources */,
				31F46BEA2032B4B100B55339 /* ViewController.swift in Resources */,
				313983BE203C2002006DD607 /* WeeksNumbers.plist in Resources */,
				315DED30202A5B7A00FFE01E /* LaunchScreen.storyboard in Resources */,
				315DED28202A5B7A00FFE01E /* Main.storyboard in Resources */,
				31C5D2652032C96300FE56E6 /* GoogleService-Info.plist in Resources */,
			);
			runOnlyForDeploymentPostprocessing = 0;
		};
		315DED34202A5B7A00FFE01E /* Resources */ = {
			isa = PBXResourcesBuildPhase;
			buildActionMask = 2147483647;
			files = (
			);
			runOnlyForDeploymentPostprocessing = 0;
		};
		315DED3F202A5B7A00FFE01E /* Resources */ = {
			isa = PBXResourcesBuildPhase;
			buildActionMask = 2147483647;
			files = (
			);
			runOnlyForDeploymentPostprocessing = 0;
		};
/* End PBXResourcesBuildPhase section */

/* Begin PBXShellScriptBuildPhase section */
		0ABE912EB8BF19785925F800 /* [CP] Embed Pods Frameworks */ = {
			isa = PBXShellScriptBuildPhase;
			buildActionMask = 2147483647;
			files = (
			);
			inputPaths = (
				"${SRCROOT}/Pods/Target Support Files/Pods-Alwalood/Pods-Alwalood-frameworks.sh",
				"${BUILT_PRODUCTS_DIR}/GTMSessionFetcher/GTMSessionFetcher.framework",
				"${BUILT_PRODUCTS_DIR}/GoogleToolboxForMac/GoogleToolboxForMac.framework",
				"${BUILT_PRODUCTS_DIR}/leveldb-library/leveldb.framework",
				"${BUILT_PRODUCTS_DIR}/nanopb/nanopb.framework",
			);
			name = "[CP] Embed Pods Frameworks";
			outputPaths = (
				"${TARGET_BUILD_DIR}/${FRAMEWORKS_FOLDER_PATH}/GTMSessionFetcher.framework",
				"${TARGET_BUILD_DIR}/${FRAMEWORKS_FOLDER_PATH}/GoogleToolboxForMac.framework",
				"${TARGET_BUILD_DIR}/${FRAMEWORKS_FOLDER_PATH}/leveldb.framework",
				"${TARGET_BUILD_DIR}/${FRAMEWORKS_FOLDER_PATH}/nanopb.framework",
			);
			runOnlyForDeploymentPostprocessing = 0;
			shellPath = /bin/sh;
			shellScript = "\"${SRCROOT}/Pods/Target Support Files/Pods-Alwalood/Pods-Alwalood-frameworks.sh\"\n";
			showEnvVarsInLog = 0;
		};
		67E1B7910B1641ECF6AF4F30 /* [CP] Copy Pods Resources */ = {
			isa = PBXShellScriptBuildPhase;
			buildActionMask = 8;
			files = (
			);
			inputPaths = (
			);
			name = "[CP] Copy Pods Resources";
			outputPaths = (
			);
			runOnlyForDeploymentPostprocessing = 1;
			shellPath = /bin/sh;
			shellScript = "\"${SRCROOT}/Pods/Target Support Files/Pods-Alwalood/Pods-Alwalood-resources.sh\"\n";
			showEnvVarsInLog = 0;
		};
		C8E6EC3BEB009CAFB9285945 /* [CP] Check Pods Manifest.lock */ = {
			isa = PBXShellScriptBuildPhase;
			buildActionMask = 2147483647;
			files = (
			);
			inputPaths = (
				"${PODS_PODFILE_DIR_PATH}/Podfile.lock",
				"${PODS_ROOT}/Manifest.lock",
			);
			name = "[CP] Check Pods Manifest.lock";
			outputPaths = (
				"$(DERIVED_FILE_DIR)/Pods-Alwalood-checkManifestLockResult.txt",
			);
			runOnlyForDeploymentPostprocessing = 0;
			shellPath = /bin/sh;
			shellScript = "diff \"${PODS_PODFILE_DIR_PATH}/Podfile.lock\" \"${PODS_ROOT}/Manifest.lock\" > /dev/null\nif [ $? != 0 ] ; then\n    # print error to STDERR\n    echo \"error: The sandbox is not in sync with the Podfile.lock. Run 'pod install' or update your CocoaPods installation.\" >&2\n    exit 1\nfi\n# This output is used by Xcode 'outputs' to avoid re-running this script phase.\necho \"SUCCESS\" > \"${SCRIPT_OUTPUT_FILE_0}\"\n";
			showEnvVarsInLog = 0;
		};
/* End PBXShellScriptBuildPhase section */

/* Begin PBXSourcesBuildPhase section */
		315DED1B202A5B7A00FFE01E /* Sources */ = {
			isa = PBXSourcesBuildPhase;
			buildActionMask = 2147483647;
			files = (
				7AC6CCB62073F9F900785A15 /* WeeksNumbers.plist in Sources */,
				7ADE0DC1207033E30080FC69 /* MainCollectionViewCellTwo.swift in Sources */,
				315DED25202A5B7A00FFE01E /* ViewController.swift in Sources */,
				31E2AFA62056952D00E6C036 /* mainPage.swift in Sources */,
				7A11EC162071603500A0E3ED /* DViewControllerG.swift in Sources */,
				7AC6CCA72073765B00785A15 /* detailsViewControllerG.swift in Sources */,
				7AC49B6620432BAB00B0DF02 /* SViewController.swift in Sources */,
				7A11EC1420715FCC00A0E3ED /* ViewControllerG.swift in Sources */,
				7AC6CCB82073FA8800785A15 /* resetPassword.swift in Sources */,
				31E2858220743509004DEFB6 /* ProfileVC.swift in Sources */,
				313983B6203C1FD4006DD607 /* Week.swift in Sources */,
				7A11EC202071668100A0E3ED /* ViewControllerN.swift in Sources */,
				7ADE0DBF207033AB0080FC69 /* ViewControllerTwo.swift in Sources */,
				7ADE0DBB207032F80080FC69 /* MainCollectionViewCell.swift in Sources */,
				315DED23202A5B7A00FFE01E /* AppDelegate.swift in Sources */,
				315DED2B202A5B7A00FFE01E /* Alwalood.xcdatamodeld in Sources */,
				7ADE0DBD207033230080FC69 /* DViewController.swift in Sources */,
				7ADE0DC3207033EB0080FC69 /* DViewControllerTwo.swift in Sources */,
				313983B4203C1EF4006DD607 /* ViewController2.swift in Sources */,
				7A11EC182071605E00A0E3ED /* MainCollectionViewCellG.swift in Sources */,
				7AC6CCA5207375B400785A15 /* firstViewControllerN.swift in Sources */,
			);
			runOnlyForDeploymentPostprocessing = 0;
		};
		315DED32202A5B7A00FFE01E /* Sources */ = {
			isa = PBXSourcesBuildPhase;
			buildActionMask = 2147483647;
			files = (
				315DED3B202A5B7A00FFE01E /* AlwaloodTests.swift in Sources */,
			);
			runOnlyForDeploymentPostprocessing = 0;
		};
		315DED3D202A5B7A00FFE01E /* Sources */ = {
			isa = PBXSourcesBuildPhase;
			buildActionMask = 2147483647;
			files = (
				315DED46202A5B7A00FFE01E /* AlwaloodUITests.swift in Sources */,
			);
			runOnlyForDeploymentPostprocessing = 0;
		};
/* End PBXSourcesBuildPhase section */

/* Begin PBXTargetDependency section */
		315DED38202A5B7A00FFE01E /* PBXTargetDependency */ = {
			isa = PBXTargetDependency;
			target = 315DED1E202A5B7A00FFE01E /* Alwalood */;
			targetProxy = 315DED37202A5B7A00FFE01E /* PBXContainerItemProxy */;
		};
		315DED43202A5B7A00FFE01E /* PBXTargetDependency */ = {
			isa = PBXTargetDependency;
			target = 315DED1E202A5B7A00FFE01E /* Alwalood */;
			targetProxy = 315DED42202A5B7A00FFE01E /* PBXContainerItemProxy */;
		};
/* End PBXTargetDependency section */

/* Begin PBXVariantGroup section */
		315DED26202A5B7A00FFE01E /* Main.storyboard */ = {
			isa = PBXVariantGroup;
			children = (
				315DED27202A5B7A00FFE01E /* Base */,
			);
			name = Main.storyboard;
			sourceTree = "<group>";
		};
		315DED2E202A5B7A00FFE01E /* LaunchScreen.storyboard */ = {
			isa = PBXVariantGroup;
			children = (
				315DED2F202A5B7A00FFE01E /* Base */,
			);
			name = LaunchScreen.storyboard;
			sourceTree = "<group>";
		};
/* End PBXVariantGroup section */

/* Begin XCBuildConfiguration section */
		315DED48202A5B7A00FFE01E /* Debug */ = {
			isa = XCBuildConfiguration;
			buildSettings = {
				ALWAYS_SEARCH_USER_PATHS = NO;
				CLANG_ANALYZER_NONNULL = YES;
				CLANG_ANALYZER_NUMBER_OBJECT_CONVERSION = YES_AGGRESSIVE;
				CLANG_CXX_LANGUAGE_STANDARD = "gnu++14";
				CLANG_CXX_LIBRARY = "libc++";
				CLANG_ENABLE_MODULES = YES;
				CLANG_ENABLE_OBJC_ARC = YES;
				CLANG_WARN_BLOCK_CAPTURE_AUTORELEASING = YES;
				CLANG_WARN_BOOL_CONVERSION = YES;
				CLANG_WARN_COMMA = YES;
				CLANG_WARN_CONSTANT_CONVERSION = YES;
				CLANG_WARN_DIRECT_OBJC_ISA_USAGE = YES_ERROR;
				CLANG_WARN_DOCUMENTATION_COMMENTS = YES;
				CLANG_WARN_EMPTY_BODY = YES;
				CLANG_WARN_ENUM_CONVERSION = YES;
				CLANG_WARN_INFINITE_RECURSION = YES;
				CLANG_WARN_INT_CONVERSION = YES;
				CLANG_WARN_NON_LITERAL_NULL_CONVERSION = YES;
				CLANG_WARN_OBJC_LITERAL_CONVERSION = YES;
				CLANG_WARN_OBJC_ROOT_CLASS = YES_ERROR;
				CLANG_WARN_RANGE_LOOP_ANALYSIS = YES;
				CLANG_WARN_STRICT_PROTOTYPES = YES;
				CLANG_WARN_SUSPICIOUS_MOVE = YES;
				CLANG_WARN_UNGUARDED_AVAILABILITY = YES_AGGRESSIVE;
				CLANG_WARN_UNREACHABLE_CODE = YES;
				CLANG_WARN__DUPLICATE_METHOD_MATCH = YES;
				CODE_SIGN_IDENTITY = "iPhone Developer";
				COPY_PHASE_STRIP = NO;
				DEBUG_INFORMATION_FORMAT = dwarf;
				ENABLE_STRICT_OBJC_MSGSEND = YES;
				ENABLE_TESTABILITY = YES;
				GCC_C_LANGUAGE_STANDARD = gnu11;
				GCC_DYNAMIC_NO_PIC = NO;
				GCC_NO_COMMON_BLOCKS = YES;
				GCC_OPTIMIZATION_LEVEL = 0;
				GCC_PREPROCESSOR_DEFINITIONS = (
					"DEBUG=1",
					"$(inherited)",
				);
				GCC_WARN_64_TO_32_BIT_CONVERSION = YES;
				GCC_WARN_ABOUT_RETURN_TYPE = YES_ERROR;
				GCC_WARN_UNDECLARED_SELECTOR = YES;
				GCC_WARN_UNINITIALIZED_AUTOS = YES_AGGRESSIVE;
				GCC_WARN_UNUSED_FUNCTION = YES;
				GCC_WARN_UNUSED_VARIABLE = YES;
				IPHONEOS_DEPLOYMENT_TARGET = 11.2;
				MTL_ENABLE_DEBUG_INFO = YES;
				ONLY_ACTIVE_ARCH = YES;
				SDKROOT = iphoneos;
				SWIFT_ACTIVE_COMPILATION_CONDITIONS = DEBUG;
				SWIFT_OPTIMIZATION_LEVEL = "-Onone";
			};
			name = Debug;
		};
		315DED49202A5B7A00FFE01E /* Release */ = {
			isa = XCBuildConfiguration;
			buildSettings = {
				ALWAYS_SEARCH_USER_PATHS = NO;
				CLANG_ANALYZER_NONNULL = YES;
				CLANG_ANALYZER_NUMBER_OBJECT_CONVERSION = YES_AGGRESSIVE;
				CLANG_CXX_LANGUAGE_STANDARD = "gnu++14";
				CLANG_CXX_LIBRARY = "libc++";
				CLANG_ENABLE_MODULES = YES;
				CLANG_ENABLE_OBJC_ARC = YES;
				CLANG_WARN_BLOCK_CAPTURE_AUTORELEASING = YES;
				CLANG_WARN_BOOL_CONVERSION = YES;
				CLANG_WARN_COMMA = YES;
				CLANG_WARN_CONSTANT_CONVERSION = YES;
				CLANG_WARN_DIRECT_OBJC_ISA_USAGE = YES_ERROR;
				CLANG_WARN_DOCUMENTATION_COMMENTS = YES;
				CLANG_WARN_EMPTY_BODY = YES;
				CLANG_WARN_ENUM_CONVERSION = YES;
				CLANG_WARN_INFINITE_RECURSION = YES;
				CLANG_WARN_INT_CONVERSION = YES;
				CLANG_WARN_NON_LITERAL_NULL_CONVERSION = YES;
				CLANG_WARN_OBJC_LITERAL_CONVERSION = YES;
				CLANG_WARN_OBJC_ROOT_CLASS = YES_ERROR;
				CLANG_WARN_RANGE_LOOP_ANALYSIS = YES;
				CLANG_WARN_STRICT_PROTOTYPES = YES;
				CLANG_WARN_SUSPICIOUS_MOVE = YES;
				CLANG_WARN_UNGUARDED_AVAILABILITY = YES_AGGRESSIVE;
				CLANG_WARN_UNREACHABLE_CODE = YES;
				CLANG_WARN__DUPLICATE_METHOD_MATCH = YES;
				CODE_SIGN_IDENTITY = "iPhone Developer";
				COPY_PHASE_STRIP = NO;
				DEBUG_INFORMATION_FORMAT = "dwarf-with-dsym";
				ENABLE_NS_ASSERTIONS = NO;
				ENABLE_STRICT_OBJC_MSGSEND = YES;
				GCC_C_LANGUAGE_STANDARD = gnu11;
				GCC_NO_COMMON_BLOCKS = YES;
				GCC_WARN_64_TO_32_BIT_CONVERSION = YES;
				GCC_WARN_ABOUT_RETURN_TYPE = YES_ERROR;
				GCC_WARN_UNDECLARED_SELECTOR = YES;
				GCC_WARN_UNINITIALIZED_AUTOS = YES_AGGRESSIVE;
				GCC_WARN_UNUSED_FUNCTION = YES;
				GCC_WARN_UNUSED_VARIABLE = YES;
				IPHONEOS_DEPLOYMENT_TARGET = 11.2;
				MTL_ENABLE_DEBUG_INFO = NO;
				SDKROOT = iphoneos;
				SWIFT_OPTIMIZATION_LEVEL = "-Owholemodule";
				VALIDATE_PRODUCT = YES;
			};
			name = Release;
		};
		315DED4B202A5B7A00FFE01E /* Debug */ = {
			isa = XCBuildConfiguration;
			baseConfigurationReference = CFB465E618BE3D67FBDF185F /* Pods-Alwalood.debug.xcconfig */;
			buildSettings = {
				ASSETCATALOG_COMPILER_APPICON_NAME = AppIcon;
				CLANG_ENABLE_MODULES = YES;
				CODE_SIGN_STYLE = Automatic;
				DEVELOPMENT_TEAM = JMDAF8J6FM;
				ENABLE_BITCODE = NO;
				INFOPLIST_FILE = Alwalood/Info.plist;
				IPHONEOS_DEPLOYMENT_TARGET = 11.0;
				LD_RUNPATH_SEARCH_PATHS = "$(inherited) @executable_path/Frameworks";
				PRODUCT_BUNDLE_IDENTIFIER = KSU.Alwalood;
				PRODUCT_NAME = "$(TARGET_NAME)";
				SWIFT_OBJC_BRIDGING_HEADER = "Alwalood/Alwalood-Bridging-Header.h";
				SWIFT_OPTIMIZATION_LEVEL = "-Onone";
				SWIFT_VERSION = 4.0;
				TARGETED_DEVICE_FAMILY = "1,2";
			};
			name = Debug;
		};
		315DED4C202A5B7A00FFE01E /* Release */ = {
			isa = XCBuildConfiguration;
			baseConfigurationReference = 2105E24AF3120345B2FBE028 /* Pods-Alwalood.release.xcconfig */;
			buildSettings = {
				ASSETCATALOG_COMPILER_APPICON_NAME = AppIcon;
				CLANG_ENABLE_MODULES = YES;
				CODE_SIGN_STYLE = Automatic;
				DEVELOPMENT_TEAM = JMDAF8J6FM;
				ENABLE_BITCODE = NO;
				INFOPLIST_FILE = Alwalood/Info.plist;
				IPHONEOS_DEPLOYMENT_TARGET = 11.0;
				LD_RUNPATH_SEARCH_PATHS = "$(inherited) @executable_path/Frameworks";
				PRODUCT_BUNDLE_IDENTIFIER = KSU.Alwalood;
				PRODUCT_NAME = "$(TARGET_NAME)";
				SWIFT_OBJC_BRIDGING_HEADER = "Alwalood/Alwalood-Bridging-Header.h";
				SWIFT_VERSION = 4.0;
				TARGETED_DEVICE_FAMILY = "1,2";
			};
			name = Release;
		};
		315DED4E202A5B7A00FFE01E /* Debug */ = {
			isa = XCBuildConfiguration;
			buildSettings = {
				ALWAYS_EMBED_SWIFT_STANDARD_LIBRARIES = YES;
				BUNDLE_LOADER = "$(TEST_HOST)";
				CODE_SIGN_STYLE = Automatic;
				INFOPLIST_FILE = AlwaloodTests/Info.plist;
				LD_RUNPATH_SEARCH_PATHS = "$(inherited) @executable_path/Frameworks @loader_path/Frameworks";
				PRODUCT_BUNDLE_IDENTIFIER = KSU.AlwaloodTests;
				PRODUCT_NAME = "$(TARGET_NAME)";
				SWIFT_VERSION = 4.0;
				TARGETED_DEVICE_FAMILY = "1,2";
				TEST_HOST = "$(BUILT_PRODUCTS_DIR)/Alwalood.app/Alwalood";
			};
			name = Debug;
		};
		315DED4F202A5B7A00FFE01E /* Release */ = {
			isa = XCBuildConfiguration;
			buildSettings = {
				ALWAYS_EMBED_SWIFT_STANDARD_LIBRARIES = YES;
				BUNDLE_LOADER = "$(TEST_HOST)";
				CODE_SIGN_STYLE = Automatic;
				INFOPLIST_FILE = AlwaloodTests/Info.plist;
				LD_RUNPATH_SEARCH_PATHS = "$(inherited) @executable_path/Frameworks @loader_path/Frameworks";
				PRODUCT_BUNDLE_IDENTIFIER = KSU.AlwaloodTests;
				PRODUCT_NAME = "$(TARGET_NAME)";
				SWIFT_VERSION = 4.0;
				TARGETED_DEVICE_FAMILY = "1,2";
				TEST_HOST = "$(BUILT_PRODUCTS_DIR)/Alwalood.app/Alwalood";
			};
			name = Release;
		};
		315DED51202A5B7A00FFE01E /* Debug */ = {
			isa = XCBuildConfiguration;
			buildSettings = {
				ALWAYS_EMBED_SWIFT_STANDARD_LIBRARIES = YES;
				CODE_SIGN_STYLE = Automatic;
				INFOPLIST_FILE = AlwaloodUITests/Info.plist;
				LD_RUNPATH_SEARCH_PATHS = "$(inherited) @executable_path/Frameworks @loader_path/Frameworks";
				PRODUCT_BUNDLE_IDENTIFIER = KSU.AlwaloodUITests;
				PRODUCT_NAME = "$(TARGET_NAME)";
				SWIFT_VERSION = 4.0;
				TARGETED_DEVICE_FAMILY = "1,2";
				TEST_TARGET_NAME = Alwalood;
			};
			name = Debug;
		};
		315DED52202A5B7A00FFE01E /* Release */ = {
			isa = XCBuildConfiguration;
			buildSettings = {
				ALWAYS_EMBED_SWIFT_STANDARD_LIBRARIES = YES;
				CODE_SIGN_STYLE = Automatic;
				INFOPLIST_FILE = AlwaloodUITests/Info.plist;
				LD_RUNPATH_SEARCH_PATHS = "$(inherited) @executable_path/Frameworks @loader_path/Frameworks";
				PRODUCT_BUNDLE_IDENTIFIER = KSU.AlwaloodUITests;
				PRODUCT_NAME = "$(TARGET_NAME)";
				SWIFT_VERSION = 4.0;
				TARGETED_DEVICE_FAMILY = "1,2";
				TEST_TARGET_NAME = Alwalood;
			};
			name = Release;
		};
/* End XCBuildConfiguration section */

/* Begin XCConfigurationList section */
		315DED1A202A5B7A00FFE01E /* Build configuration list for PBXProject "Alwalood" */ = {
			isa = XCConfigurationList;
			buildConfigurations = (
				315DED48202A5B7A00FFE01E /* Debug */,
				315DED49202A5B7A00FFE01E /* Release */,
			);
			defaultConfigurationIsVisible = 0;
			defaultConfigurationName = Release;
		};
		315DED4A202A5B7A00FFE01E /* Build configuration list for PBXNativeTarget "Alwalood" */ = {
			isa = XCConfigurationList;
			buildConfigurations = (
				315DED4B202A5B7A00FFE01E /* Debug */,
				315DED4C202A5B7A00FFE01E /* Release */,
			);
			defaultConfigurationIsVisible = 0;
			defaultConfigurationName = Release;
		};
		315DED4D202A5B7A00FFE01E /* Build configuration list for PBXNativeTarget "AlwaloodTests" */ = {
			isa = XCConfigurationList;
			buildConfigurations = (
				315DED4E202A5B7A00FFE01E /* Debug */,
				315DED4F202A5B7A00FFE01E /* Release */,
			);
			defaultConfigurationIsVisible = 0;
			defaultConfigurationName = Release;
		};
		315DED50202A5B7A00FFE01E /* Build configuration list for PBXNativeTarget "AlwaloodUITests" */ = {
			isa = XCConfigurationList;
			buildConfigurations = (
				315DED51202A5B7A00FFE01E /* Debug */,
				315DED52202A5B7A00FFE01E /* Release */,
			);
			defaultConfigurationIsVisible = 0;
			defaultConfigurationName = Release;
		};
/* End XCConfigurationList section */

/* Begin XCVersionGroup section */
		315DED29202A5B7A00FFE01E /* Alwalood.xcdatamodeld */ = {
			isa = XCVersionGroup;
			children = (
				315DED2A202A5B7A00FFE01E /* Alwalood.xcdatamodel */,
			);
			currentVersion = 315DED2A202A5B7A00FFE01E /* Alwalood.xcdatamodel */;
			path = Alwalood.xcdatamodeld;
			sourceTree = "<group>";
			versionGroupType = wrapper.xcdatamodel;
		};
/* End XCVersionGroup section */
	};
	rootObject = 315DED17202A5B7A00FFE01E /* Project object */;
}
